{
  "object": {
    "pins": [
      {
        "package": "nav",
        "repositoryURL": "https://github.com/chenba0/nav.git",
        "state": {
          "branch": null,
          "revision": "ad78200d06aa9eafa5d0fb530ae0968ad4e09b3b",
          "version": "0.1.47"
        }
      }
    ]
  },
  "version": 1
}
